// !$*UTF8*$!
{
	archiveVersion = 1;
	classes = {
	};
	objectVersion = 56;
	objects = {

/* Begin PBXBuildFile section */
		4C00C5B92A4C6FBD009347DD /* sol_viagensApp.swift in Sources */ = {isa = PBXBuildFile; fileRef = 4C00C5B82A4C6FBD009347DD /* sol_viagensApp.swift */; };
		4C00C5BB2A4C6FBD009347DD /* ContentView.swift in Sources */ = {isa = PBXBuildFile; fileRef = 4C00C5BA2A4C6FBD009347DD /* ContentView.swift */; };
		4C00C5BD2A4C6FC0009347DD /* Assets.xcassets in Resources */ = {isa = PBXBuildFile; fileRef = 4C00C5BC2A4C6FC0009347DD /* Assets.xcassets */; };
		4C00C5C02A4C6FC0009347DD /* Preview Assets.xcassets in Resources */ = {isa = PBXBuildFile; fileRef = 4C00C5BF2A4C6FC0009347DD /* Preview Assets.xcassets */; };
		4CC8F46C2A4F58B100E939E6 /* trips.json in Resources */ = {isa = PBXBuildFile; fileRef = 4CC8F46B2A4F58B100E939E6 /* trips.json */; };
		4CC8F46F2A4F64AB00E939E6 /* Trip.swift in Sources */ = {isa = PBXBuildFile; fileRef = 4CC8F46E2A4F64AB00E939E6 /* Trip.swift */; };
		4CC8F4722A4F6C2F00E939E6 /* Data.swift in Sources */ = {isa = PBXBuildFile; fileRef = 4CC8F4702A4F651B00E939E6 /* Data.swift */; };
/* End PBXBuildFile section */

/* Begin PBXFileReference section */
		4C00C5B52A4C6FBD009347DD /* sol-viagens.app */ = {isa = PBXFileReference; explicitFileType = wrapper.application; includeInIndex = 0; path = "sol-viagens.app"; sourceTree = BUILT_PRODUCTS_DIR; };
		4C00C5B82A4C6FBD009347DD /* sol_viagensApp.swift */ = {isa = PBXFileReference; lastKnownFileType = sourcecode.swift; path = sol_viagensApp.swift; sourceTree = "<group>"; };
		4C00C5BA2A4C6FBD009347DD /* ContentView.swift */ = {isa = PBXFileReference; lastKnownFileType = sourcecode.swift; path = ContentView.swift; sourceTree = "<group>"; };
		4C00C5BC2A4C6FC0009347DD /* Assets.xcassets */ = {isa = PBXFileReference; lastKnownFileType = folder.assetcatalog; path = Assets.xcassets; sourceTree = "<group>"; };
		4C00C5BF2A4C6FC0009347DD /* Preview Assets.xcassets */ = {isa = PBXFileReference; lastKnownFileType = folder.assetcatalog; path = "Preview Assets.xcassets"; sourceTree = "<group>"; };
		4CC8F46B2A4F58B100E939E6 /* trips.json */ = {isa = PBXFileReference; fileEncoding = 4; lastKnownFileType = text.json; path = trips.json; sourceTree = "<group>"; };
		4CC8F46E2A4F64AB00E939E6 /* Trip.swift */ = {isa = PBXFileReference; lastKnownFileType = sourcecode.swift; path = Trip.swift; sourceTree = "<group>"; };
		4CC8F4702A4F651B00E939E6 /* Data.swift */ = {isa = PBXFileReference; lastKnownFileType = sourcecode.swift; path = Data.swift; sourceTree = "<group>"; };
/* End PBXFileReference section */

/* Begin PBXFrameworksBuildPhase section */
		4C00C5B22A4C6FBD009347DD /* Frameworks */ = {
			isa = PBXFrameworksBuildPhase;
			buildActionMask = 2147483647;
			files = (
			);
			runOnlyForDeploymentPostprocessing = 0;
		};
/* End PBXFrameworksBuildPhase section */

/* Begin PBXGroup section */
		4C00C5AC2A4C6FBD009347DD = {
			isa = PBXGroup;
			children = (
				4C00C5B72A4C6FBD009347DD /* sol-viagens */,
				4C00C5B62A4C6FBD009347DD /* Products */,
			);
			sourceTree = "<group>";
		};
		4C00C5B62A4C6FBD009347DD /* Products */ = {
			isa = PBXGroup;
			children = (
				4C00C5B52A4C6FBD009347DD /* sol-viagens.app */,
			);
			name = Products;
			sourceTree = "<group>";
		};
		4C00C5B72A4C6FBD009347DD /* sol-viagens */ = {
			isa = PBXGroup;
			children = (
				4CC8F46D2A4F640400E939E6 /* Models */,
				4C00C5B82A4C6FBD009347DD /* sol_viagensApp.swift */,
				4C00C5BA2A4C6FBD009347DD /* ContentView.swift */,
				4C00C5BC2A4C6FC0009347DD /* Assets.xcassets */,
				4CC8F46B2A4F58B100E939E6 /* trips.json */,
				4C00C5BE2A4C6FC0009347DD /* Preview Content */,
			);
			path = "sol-viagens";
			sourceTree = "<group>";
		};
		4C00C5BE2A4C6FC0009347DD /* Preview Content */ = {
			isa = PBXGroup;
			children = (
				4C00C5BF2A4C6FC0009347DD /* Preview Assets.xcassets */,
			);
			path = "Preview Content";
			sourceTree = "<group>";
		};
		4CC8F46D2A4F640400E939E6 /* Models */ = {
			isa = PBXGroup;
			children = (
				4CC8F46E2A4F64AB00E939E6 /* Trip.swift */,
				4CC8F4702A4F651B00E939E6 /* Data.swift */,
			);
			path = Models;
			sourceTree = "<group>";
		};
/* End PBXGroup section */

/* Begin PBXNativeTarget section */
		4C00C5B42A4C6FBD009347DD /* sol-viagens */ = {
			isa = PBXNativeTarget;
			buildConfigurationList = 4C00C5C32A4C6FC0009347DD /* Build configuration list for PBXNativeTarget "sol-viagens" */;
			buildPhases = (
				4C00C5B12A4C6FBD009347DD /* Sources */,
				4C00C5B22A4C6FBD009347DD /* Frameworks */,
				4C00C5B32A4C6FBD009347DD /* Resources */,
			);
			buildRules = (
			);
			dependencies = (
			);
			name = "sol-viagens";
			productName = "sol-viagens";
			productReference = 4C00C5B52A4C6FBD009347DD /* sol-viagens.app */;
			productType = "com.apple.product-type.application";
		};
/* End PBXNativeTarget section */

/* Begin PBXProject section */
		4C00C5AD2A4C6FBD009347DD /* Project object */ = {
			isa = PBXProject;
			attributes = {
				BuildIndependentTargetsInParallel = 1;
				LastSwiftUpdateCheck = 1420;
				LastUpgradeCheck = 1420;
				TargetAttributes = {
					4C00C5B42A4C6FBD009347DD = {
						CreatedOnToolsVersion = 14.2;
					};
				};
			};
			buildConfigurationList = 4C00C5B02A4C6FBD009347DD /* Build configuration list for PBXProject "sol-viagens" */;
			compatibilityVersion = "Xcode 14.0";
			developmentRegion = en;
			hasScannedForEncodings = 0;
			knownRegions = (
				en,
				Base,
			);
			mainGroup = 4C00C5AC2A4C6FBD009347DD;
			productRefGroup = 4C00C5B62A4C6FBD009347DD /* Products */;
			projectDirPath = "";
			projectRoot = "";
			targets = (
				4C00C5B42A4C6FBD009347DD /* sol-viagens */,
			);
		};
/* End PBXProject section */

/* Begin PBXResourcesBuildPhase section */
		4C00C5B32A4C6FBD009347DD /* Resources */ = {
			isa = PBXResourcesBuildPhase;
			buildActionMask = 2147483647;
			files = (
				4CC8F46C2A4F58B100E939E6 /* trips.json in Resources */,
				4C00C5C02A4C6FC0009347DD /* Preview Assets.xcassets in Resources */,
				4C00C5BD2A4C6FC0009347DD /* Assets.xcassets in Resources */,
			);
			runOnlyForDeploymentPostprocessing = 0;
		};
/* End PBXResourcesBuildPhase section */

/* Begin PBXSourcesBuildPhase section */
		4C00C5B12A4C6FBD009347DD /* Sources */ = {
			isa = PBXSourcesBuildPhase;
			buildActionMask = 2147483647;
			files = (
				4CC8F46F2A4F64AB00E939E6 /* Trip.swift in Sources */,
				4C00C5BB2A4C6FBD009347DD /* ContentView.swift in Sources */,
				4C00C5B92A4C6FBD009347DD /* sol_viagensApp.swift in Sources */,
				4CC8F4722A4F6C2F00E939E6 /* Data.swift in Sources */,
			);
			runOnlyForDeploymentPostprocessing = 0;
		};
/* End PBXSourcesBuildPhase section */

/* Begin XCBuildConfiguration section */
		4C00C5C12A4C6FC0009347DD /* Debug */ = {
			isa = XCBuildConfiguration;
			buildSettings = {
				ALWAYS_SEARCH_USER_PATHS = NO;
				CLANG_ANALYZER_NONNULL = YES;
				CLANG_ANALYZER_NUMBER_OBJECT_CONVERSION = YES_AGGRESSIVE;
				CLANG_CXX_LANGUAGE_STANDARD = "gnu++20";
				CLANG_ENABLE_MODULES = YES;
				CLANG_ENABLE_OBJC_ARC = YES;
				CLANG_ENABLE_OBJC_WEAK = YES;
				CLANG_WARN_BLOCK_CAPTURE_AUTORELEASING = YES;
				CLANG_WARN_BOOL_CONVERSION = YES;
				CLANG_WARN_COMMA = YES;
				CLANG_WARN_CONSTANT_CONVERSION = YES;
				CLANG_WARN_DEPRECATED_OBJC_IMPLEMENTATIONS = YES;
				CLANG_WARN_DIRECT_OBJC_ISA_USAGE = YES_ERROR;
				CLANG_WARN_DOCUMENTATION_COMMENTS = YES;
				CLANG_WARN_EMPTY_BODY = YES;
				CLANG_WARN_ENUM_CONVERSION = YES;
				CLANG_WARN_INFINITE_RECURSION = YES;
				CLANG_WARN_INT_CONVERSION = YES;
				CLANG_WARN_NON_LITERAL_NULL_CONVERSION = YES;
				CLANG_WARN_OBJC_IMPLICIT_RETAIN_SELF = YES;
				CLANG_WARN_OBJC_LITERAL_CONVERSION = YES;
				CLANG_WARN_OBJC_ROOT_CLASS = YES_ERROR;
				CLANG_WARN_QUOTED_INCLUDE_IN_FRAMEWORK_HEADER = YES;
				CLANG_WARN_RANGE_LOOP_ANALYSIS = YES;
				CLANG_WARN_STRICT_PROTOTYPES = YES;
				CLANG_WARN_SUSPICIOUS_MOVE = YES;
				CLANG_WARN_UNGUARDED_AVAILABILITY = YES_AGGRESSIVE;
				CLANG_WARN_UNREACHABLE_CODE = YES;
				CLANG_WARN__DUPLICATE_METHOD_MATCH = YES;
				COPY_PHASE_STRIP = NO;
				DEBUG_INFORMATION_FORMAT = dwarf;
				ENABLE_STRICT_OBJC_MSGSEND = YES;
				ENABLE_TESTABILITY = YES;
				GCC_C_LANGUAGE_STANDARD = gnu11;
				GCC_DYNAMIC_NO_PIC = NO;
				GCC_NO_COMMON_BLOCKS = YES;
				GCC_OPTIMIZATION_LEVEL = 0;
				GCC_PREPROCESSOR_DEFINITIONS = (
					"DEBUG=1",
					"$(inherited)",
				);
				GCC_WARN_64_TO_32_BIT_CONVERSION = YES;
				GCC_WARN_ABOUT_RETURN_TYPE = YES_ERROR;
				GCC_WARN_UNDECLARED_SELECTOR = YES;
				GCC_WARN_UNINITIALIZED_AUTOS = YES_AGGRESSIVE;
				GCC_WARN_UNUSED_FUNCTION = YES;
				GCC_WARN_UNUSED_VARIABLE = YES;
				IPHONEOS_DEPLOYMENT_TARGET = 16.2;
				MTL_ENABLE_DEBUG_INFO = INCLUDE_SOURCE;
				MTL_FAST_MATH = YES;
				ONLY_ACTIVE_ARCH = YES;
				SDKROOT = iphoneos;
				SWIFT_ACTIVE_COMPILATION_CONDITIONS = DEBUG;
				SWIFT_OPTIMIZATION_LEVEL = "-Onone";
			};
			name = Debug;
		};
		4C00C5C22A4C6FC0009347DD /* Release */ = {
			isa = XCBuildConfiguration;
			buildSettings = {
				ALWAYS_SEARCH_USER_PATHS = NO;
				CLANG_ANALYZER_NONNULL = YES;
				CLANG_ANALYZER_NUMBER_OBJECT_CONVERSION = YES_AGGRESSIVE;
				CLANG_CXX_LANGUAGE_STANDARD = "gnu++20";
				CLANG_ENABLE_MODULES = YES;
				CLANG_ENABLE_OBJC_ARC = YES;
				CLANG_ENABLE_OBJC_WEAK = YES;
				CLANG_WARN_BLOCK_CAPTURE_AUTORELEASING = YES;
				CLANG_WARN_BOOL_CONVERSION = YES;
				CLANG_WARN_COMMA = YES;
				CLANG_WARN_CONSTANT_CONVERSION = YES;
				CLANG_WARN_DEPRECATED_OBJC_IMPLEMENTATIONS = YES;
				CLANG_WARN_DIRECT_OBJC_ISA_USAGE = YES_ERROR;
				CLANG_WARN_DOCUMENTATION_COMMENTS = YES;
				CLANG_WARN_EMPTY_BODY = YES;
				CLANG_WARN_ENUM_CONVERSION = YES;
				CLANG_WARN_INFINITE_RECURSION = YES;
				CLANG_WARN_INT_CONVERSION = YES;
				CLANG_WARN_NON_LITERAL_NULL_CONVERSION = YES;
				CLANG_WARN_OBJC_IMPLICIT_RETAIN_SELF = YES;
				CLANG_WARN_OBJC_LITERAL_CONVERSION = YES;
				CLANG_WARN_OBJC_ROOT_CLASS = YES_ERROR;
				CLANG_WARN_QUOTED_INCLUDE_IN_FRAMEWORK_HEADER = YES;
				CLANG_WARN_RANGE_LOOP_ANALYSIS = YES;
				CLANG_WARN_STRICT_PROTOTYPES = YES;
				CLANG_WARN_SUSPICIOUS_MOVE = YES;
				CLANG_WARN_UNGUARDED_AVAILABILITY = YES_AGGRESSIVE;
				CLANG_WARN_UNREACHABLE_CODE = YES;
				CLANG_WARN__DUPLICATE_METHOD_MATCH = YES;
				COPY_PHASE_STRIP = NO;
				DEBUG_INFORMATION_FORMAT = "dwarf-with-dsym";
				ENABLE_NS_ASSERTIONS = NO;
				ENABLE_STRICT_OBJC_MSGSEND = YES;
				GCC_C_LANGUAGE_STANDARD = gnu11;
				GCC_NO_COMMON_BLOCKS = YES;
				GCC_WARN_64_TO_32_BIT_CONVERSION = YES;
				GCC_WARN_ABOUT_RETURN_TYPE = YES_ERROR;
				GCC_WARN_UNDECLARED_SELECTOR = YES;
				GCC_WARN_UNINITIALIZED_AUTOS = YES_AGGRESSIVE;
				GCC_WARN_UNUSED_FUNCTION = YES;
				GCC_WARN_UNUSED_VARIABLE = YES;
				IPHONEOS_DEPLOYMENT_TARGET = 16.2;
				MTL_ENABLE_DEBUG_INFO = NO;
				MTL_FAST_MATH = YES;
				SDKROOT = iphoneos;
				SWIFT_COMPILATION_MODE = wholemodule;
				SWIFT_OPTIMIZATION_LEVEL = "-O";
				VALIDATE_PRODUCT = YES;
			};
			name = Release;
		};
		4C00C5C42A4C6FC0009347DD /* Debug */ = {
			isa = XCBuildConfiguration;
			buildSettings = {
				ASSETCATALOG_COMPILER_APPICON_NAME = AppIcon;
				ASSETCATALOG_COMPILER_GLOBAL_ACCENT_COLOR_NAME = AccentColor;
				CODE_SIGN_STYLE = Automatic;
				CURRENT_PROJECT_VERSION = 1;
				DEVELOPMENT_ASSET_PATHS = "\"sol-viagens/Preview Content\"";
				ENABLE_PREVIEWS = YES;
				GENERATE_INFOPLIST_FILE = YES;
				INFOPLIST_KEY_UIApplicationSceneManifest_Generation = YES;
				INFOPLIST_KEY_UIApplicationSupportsIndirectInputEvents = YES;
				INFOPLIST_KEY_UILaunchScreen_Generation = YES;
				INFOPLIST_KEY_UISupportedInterfaceOrientations_iPad = "UIInterfaceOrientationPortrait UIInterfaceOrientationPortraitUpsideDown UIInterfaceOrientationLandscapeLeft UIInterfaceOrientationLandscapeRight";
				INFOPLIST_KEY_UISupportedInterfaceOrientations_iPhone = "UIInterfaceOrientationPortrait UIInterfaceOrientationLandscapeLeft UIInterfaceOrientationLandscapeRight";
				LD_RUNPATH_SEARCH_PATHS = (
					"$(inherited)",
					"@executable_path/Frameworks",
				);
				MARKETING_VERSION = 1.0;
				PRODUCT_BUNDLE_IDENTIFIER = "br.com.project.sol-viagens";
				PRODUCT_NAME = "$(TARGET_NAME)";
				SWIFT_EMIT_LOC_STRINGS = YES;
				SWIFT_VERSION = 5.0;
				TARGETED_DEVICE_FAMILY = "1,2";
			};
			name = Debug;
		};
		4C00C5C52A4C6FC0009347DD /* Release */ = {
			isa = XCBuildConfiguration;
			buildSettings = {
				ASSETCATALOG_COMPILER_APPICON_NAME = AppIcon;
				ASSETCATALOG_COMPILER_GLOBAL_ACCENT_COLOR_NAME = AccentColor;
				CODE_SIGN_STYLE = Automatic;
				CURRENT_PROJECT_VERSION = 1;
				DEVELOPMENT_ASSET_PATHS = "\"sol-viagens/Preview Content\"";
				ENABLE_PREVIEWS = YES;
				GENERATE_INFOPLIST_FILE = YES;
				INFOPLIST_KEY_UIApplicationSceneManifest_Generation = YES;
				INFOPLIST_KEY_UIApplicationSupportsIndirectInputEvents = YES;
				INFOPLIST_KEY_UILaunchScreen_Generation = YES;
				INFOPLIST_KEY_UISupportedInterfaceOrientations_iPad = "UIInterfaceOrientationPortrait UIInterfaceOrientationPortraitUpsideDown UIInterfaceOrientationLandscapeLeft UIInterfaceOrientationLandscapeRight";
				INFOPLIST_KEY_UISupportedInterfaceOrientations_iPhone = "UIInterfaceOrientationPortrait UIInterfaceOrientationLandscapeLeft UIInterfaceOrientationLandscapeRight";
				LD_RUNPATH_SEARCH_PATHS = (
					"$(inherited)",
					"@executable_path/Frameworks",
				);
				MARKETING_VERSION = 1.0;
				PRODUCT_BUNDLE_IDENTIFIER = "br.com.project.sol-viagens";
				PRODUCT_NAME = "$(TARGET_NAME)";
				SWIFT_EMIT_LOC_STRINGS = YES;
				SWIFT_VERSION = 5.0;
				TARGETED_DEVICE_FAMILY = "1,2";
			};
			name = Release;
		};
/* End XCBuildConfiguration section */

/* Begin XCConfigurationList section */
		4C00C5B02A4C6FBD009347DD /* Build configuration list for PBXProject "sol-viagens" */ = {
			isa = XCConfigurationList;
			buildConfigurations = (
				4C00C5C12A4C6FC0009347DD /* Debug */,
				4C00C5C22A4C6FC0009347DD /* Release */,
			);
			defaultConfigurationIsVisible = 0;
			defaultConfigurationName = Release;
		};
		4C00C5C32A4C6FC0009347DD /* Build configuration list for PBXNativeTarget "sol-viagens" */ = {
			isa = XCConfigurationList;
			buildConfigurations = (
				4C00C5C42A4C6FC0009347DD /* Debug */,
				4C00C5C52A4C6FC0009347DD /* Release */,
			);
			defaultConfigurationIsVisible = 0;
			defaultConfigurationName = Release;
		};
/* End XCConfigurationList section */
	};
	rootObject = 4C00C5AD2A4C6FBD009347DD /* Project object */;
}
